
Microsoft Visual Studio Solution File, Format Version 12.00
# Visual Studio Version 17
VisualStudioVersion = 17.9.34607.119
MinimumVisualStudioVersion = 10.0.40219.1
Project("{9A19103F-16F7-4668-BE54-9A1E7A4F7556}") = "BudgetBuddy", "BudgetBuddy.csproj", "{9DF93C63-66D9-4FB7-81F5-AFDFF0DDCD9B}"
EndProject
Global
	GlobalSection(SolutionConfigurationPlatforms) = preSolution
		Debug|Any CPU = Debug|Any CPU
		Release|Any CPU = Release|Any CPU
	EndGlobalSection
	GlobalSection(ProjectConfigurationPlatforms) = postSolution
		{9DF93C63-66D9-4FB7-81F5-AFDFF0DDCD9B}.Debug|Any CPU.ActiveCfg = Debug|Any CPU
		{9DF93C63-66D9-4FB7-81F5-AFDFF0DDCD9B}.Debug|Any CPU.Build.0 = Debug|Any CPU
		{9DF93C63-66D9-4FB7-81F5-AFDFF0DDCD9B}.Debug|Any CPU.Deploy.0 = Debug|Any CPU
		{9DF93C63-66D9-4FB7-81F5-AFDFF0DDCD9B}.Release|Any CPU.ActiveCfg = Release|Any CPU
		{9DF93C63-66D9-4FB7-81F5-AFDFF0DDCD9B}.Release|Any CPU.Build.0 = Release|Any CPU
		{9DF93C63-66D9-4FB7-81F5-AFDFF0DDCD9B}.Release|Any CPU.Deploy.0 = Release|Any CPU
	EndGlobalSection
	GlobalSection(SolutionProperties) = preSolution
		HideSolutionNode = FALSE
	EndGlobalSection
	GlobalSection(ExtensibilityGlobals) = postSolution
		SolutionGuid = {4E2208F0-E1AC-438A-B1C1-DEF5F8231D83}
	EndGlobalSection
EndGlobal
