	


Server stack trace: 
   at System.Xml.XmlTextReaderImpl.Throw(Exception e)
   at System.Xml.XmlTextReaderImpl.ParseRootLevelWhitespace()
   at System.Xml.XmlTextReaderImpl.ParseDocumentContent()
   at Microsoft.Maui.Controls.Build.Tasks.CecilExtensions.IsXaml(EmbeddedResource resource, ModuleDefinition module, String& classname) in D:\a\_work\1\s\src\Controls\src\Build.Tasks\XamlTask.cs:line 81
   at Microsoft.Maui.Controls.Build.Tasks.XamlCTask.Execute(IList`1& thrownExceptions) in D:\a\_work\1\s\src\Controls\src\Build.Tasks\XamlCTask.cs:line 113
   at Microsoft.Maui.Controls.Build.Tasks.XamlTask.Execute() in D:\a\_work\1\s\src\Controls\src\Build.Tasks\XamlTask.cs:line 39
   at System.Runtime.Remoting.Messaging.StackBuilderSink._PrivateProcessMessage(IntPtr md, Object[] args, Object server, Object[]& outArgs)
   at System.Runtime.Remoting.Messaging.StackBuilderSink.SyncProcessMessage(IMessage msg)

Exception rethrown at [0]: 
   at System.Runtime.Remoting.Proxies.RealProxy.HandleReturnMessage(IMessage reqMsg, IMessage retMsg)
   at System.Runtime.Remoting.Proxies.RealProxy.PrivateInvoke(MessageData& msgData, Int32 type)
   at Microsoft.Build.Framework.ITask.Execute()
   at Microsoft.Build.BackEnd.TaskExecutionHost.Microsoft.Build.BackEnd.ITaskExecutionHost.Execute()
   at Microsoft.Build.BackEnd.TaskBuilder.<ExecuteInstantiatedTask>d__26.MoveNext()	BudgetBuddy	C:\Program Files\dotnet\packs\Microsoft.Maui.Sdk\7.0.101\Sdk\Microsoft.Maui.Controls.targets	149	

Microsoft Visual Studio Solution File, Format Version 12.00
# Visual Studio Version 17
VisualStudioVersion = 17.0.31611.283
MinimumVisualStudioVersion = 10.0.40219.1
Project("{9A19103F-16F7-4668-BE54-9A1E7A4F7556}") = "BudgetBuddy", "BudgetBuddy.csproj", "{1FB6978E-2721-4017-A4D1-09E1D80FE5FD}"
EndProject
Global
	GlobalSection(SolutionConfigurationPlatforms) = preSolution
		Debug|Any CPU = Debug|Any CPU
		Release|Any CPU = Release|Any CPU
	EndGlobalSection
	GlobalSection(ProjectConfigurationPlatforms) = postSolution
		{1FB6978E-2721-4017-A4D1-09E1D80FE5FD}.Debug|Any CPU.ActiveCfg = Debug|Any CPU
		{1FB6978E-2721-4017-A4D1-09E1D80FE5FD}.Debug|Any CPU.Build.0 = Debug|Any CPU
		{1FB6978E-2721-4017-A4D1-09E1D80FE5FD}.Debug|Any CPU.Deploy.0 = Debug|Any CPU
		{1FB6978E-2721-4017-A4D1-09E1D80FE5FD}.Release|Any CPU.ActiveCfg = Release|Any CPU
		{1FB6978E-2721-4017-A4D1-09E1D80FE5FD}.Release|Any CPU.Build.0 = Release|Any CPU
		{1FB6978E-2721-4017-A4D1-09E1D80FE5FD}.Release|Any CPU.Deploy.0 = Release|Any CPU
	EndGlobalSection
	GlobalSection(SolutionProperties) = preSolution
		HideSolutionNode = FALSE
	EndGlobalSection
	GlobalSection(ExtensibilityGlobals) = postSolution
		SolutionGuid = {61F7FB11-1E47-470C-91E2-47F8143E1572}
	EndGlobalSection
EndGlobal
